
Microsoft Visual Studio Solution File, Format Version 12.00
# Visual Studio Version 17
VisualStudioVersion = 17.14.37614.0 d17.14
MinimumVisualStudioVersion = 10.0.40219.1
Project("{00D1A9C2-B5F0-4AF3-8072-F6C62B433612}") = "RAG_Project_db", "RAG_Project_db\RAG_Project_db.sqlproj", "{1BD0ADB5-E5E8-4617-8F62-325F3122BDB5}"
EndProject
Global
	GlobalSection(SolutionConfigurationPlatforms) = preSolution
		Debug|Any CPU = Debug|Any CPU
		Release|Any CPU = Release|Any CPU
	EndGlobalSection
	GlobalSection(ProjectConfigurationPlatforms) = postSolution
		{1BD0ADB5-E5E8-4617-8F62-325F3122BDB5}.Debug|Any CPU.ActiveCfg = Debug|Any CPU
		{1BD0ADB5-E5E8-4617-8F62-325F3122BDB5}.Debug|Any CPU.Build.0 = Debug|Any CPU
		{1BD0ADB5-E5E8-4617-8F62-325F3122BDB5}.Debug|Any CPU.Deploy.0 = Debug|Any CPU
		{1BD0ADB5-E5E8-4617-8F62-325F3122BDB5}.Release|Any CPU.ActiveCfg = Release|Any CPU
		{1BD0ADB5-E5E8-4617-8F62-325F3122BDB5}.Release|Any CPU.Build.0 = Release|Any CPU
		{1BD0ADB5-E5E8-4617-8F62-325F3122BDB5}.Release|Any CPU.Deploy.0 = Release|Any CPU
	EndGlobalSection
	GlobalSection(SolutionProperties) = preSolution
		HideSolutionNode = FALSE
	EndGlobalSection
	GlobalSection(ExtensibilityGlobals) = postSolution
		SolutionGuid = {9F5FD03C-0E68-4832-99B1-336347010299}
	EndGlobalSection
EndGlobal
